
Microsoft Visual Studio Solution File, Format Version 12.00
# Visual Studio Version 16
VisualStudioVersion = 16.0.29609.76
MinimumVisualStudioVersion = 10.0.40219.1
Project("{FAE04EC0-301F-11D3-BF4B-00C04F79EFBC}") = "TradeAllcrypto", "TradeAllcrypto.csproj", "{3830E318-8D5A-41DA-9135-361B70CC59A9}"
EndProject
Global
	GlobalSection(SolutionConfigurationPlatforms) = preSolution
		Debug|Any CPU = Debug|Any CPU
		Release|Any CPU = Release|Any CPU
	EndGlobalSection
	GlobalSection(ProjectConfigurationPlatforms) = postSolution
		{3830E318-8D5A-41DA-9135-361B70CC59A9}.Debug|Any CPU.ActiveCfg = Debug|Any CPU
		{3830E318-8D5A-41DA-9135-361B70CC59A9}.Debug|Any CPU.Build.0 = Debug|Any CPU
		{3830E318-8D5A-41DA-9135-361B70CC59A9}.Release|Any CPU.ActiveCfg = Release|Any CPU
		{3830E318-8D5A-41DA-9135-361B70CC59A9}.Release|Any CPU.Build.0 = Release|Any CPU
	EndGlobalSection
	GlobalSection(SolutionProperties) = preSolution
		HideSolutionNode = FALSE
	EndGlobalSection
	GlobalSection(ExtensibilityGlobals) = postSolution
		SolutionGuid = {8387E780-7931-455E-A4A6-6890A71538BB}
	EndGlobalSection
EndGlobal
